// !$*UTF8*$!
{
	archiveVersion = 1;
	classes = {
	};
	objectVersion = 46;
	objects = {

/* Begin PBXBuildFile section */
		9A914E091AE0B2D200131F36 /* main.m in Sources */ = {isa = PBXBuildFile; fileRef = 9A914E081AE0B2D200131F36 /* main.m */; };
		9A914E0C1AE0B2D200131F36 /* AppDelegate.m in Sources */ = {isa = PBXBuildFile; fileRef = 9A914E0B1AE0B2D200131F36 /* AppDelegate.m */; };
		9A914E121AE0B2D200131F36 /* Main.storyboard in Resources */ = {isa = PBXBuildFile; fileRef = 9A914E101AE0B2D200131F36 /* Main.storyboard */; };
		9A914E141AE0B2D200131F36 /* Images.xcassets in Resources */ = {isa = PBXBuildFile; fileRef = 9A914E131AE0B2D200131F36 /* Images.xcassets */; };
		9A914E171AE0B2D200131F36 /* LaunchScreen.xib in Resources */ = {isa = PBXBuildFile; fileRef = 9A914E151AE0B2D200131F36 /* LaunchScreen.xib */; };
		9A914E231AE0B2D200131F36 /* HomepwnerTests.m in Sources */ = {isa = PBXBuildFile; fileRef = 9A914E221AE0B2D200131F36 /* HomepwnerTests.m */; };
		9A914E2E1AE0B4CB00131F36 /* BNRItemsViewController.m in Sources */ = {isa = PBXBuildFile; fileRef = 9A914E2D1AE0B4CB00131F36 /* BNRItemsViewController.m */; };
		9A914E311AE0B69300131F36 /* BNRItem.m in Sources */ = {isa = PBXBuildFile; fileRef = 9A914E301AE0B69300131F36 /* BNRItem.m */; };
		9A914E341AE0D80B00131F36 /* BNRItemStore.m in Sources */ = {isa = PBXBuildFile; fileRef = 9A914E331AE0D80B00131F36 /* BNRItemStore.m */; };
		9A914E361AE8923C00131F36 /* HeaderView.xib in Resources */ = {isa = PBXBuildFile; fileRef = 9A914E351AE8923C00131F36 /* HeaderView.xib */; };
/* End PBXBuildFile section */

/* Begin PBXContainerItemProxy section */
		9A914E1D1AE0B2D200131F36 /* PBXContainerItemProxy */ = {
			isa = PBXContainerItemProxy;
			containerPortal = 9A914DFB1AE0B2D200131F36 /* Project object */;
			proxyType = 1;
			remoteGlobalIDString = 9A914E021AE0B2D200131F36;
			remoteInfo = Homepwner;
		};
/* End PBXContainerItemProxy section */

/* Begin PBXFileReference section */
		9A914E031AE0B2D200131F36 /* Homepwner.app */ = {isa = PBXFileReference; explicitFileType = wrapper.application; includeInIndex = 0; path = Homepwner.app; sourceTree = BUILT_PRODUCTS_DIR; };
		9A914E071AE0B2D200131F36 /* Info.plist */ = {isa = PBXFileReference; lastKnownFileType = text.plist.xml; path = Info.plist; sourceTree = "<group>"; };
		9A914E081AE0B2D200131F36 /* main.m */ = {isa = PBXFileReference; lastKnownFileType = sourcecode.c.objc; path = main.m; sourceTree = "<group>"; };
		9A914E0A1AE0B2D200131F36 /* AppDelegate.h */ = {isa = PBXFileReference; lastKnownFileType = sourcecode.c.h; path = AppDelegate.h; sourceTree = "<group>"; };
		9A914E0B1AE0B2D200131F36 /* AppDelegate.m */ = {isa = PBXFileReference; lastKnownFileType = sourcecode.c.objc; path = AppDelegate.m; sourceTree = "<group>"; };
		9A914E111AE0B2D200131F36 /* Base */ = {isa = PBXFileReference; lastKnownFileType = file.storyboard; name = Base; path = Base.lproj/Main.storyboard; sourceTree = "<group>"; };
		9A914E131AE0B2D200131F36 /* Images.xcassets */ = {isa = PBXFileReference; lastKnownFileType = folder.assetcatalog; path = Images.xcassets; sourceTree = "<group>"; };
		9A914E161AE0B2D200131F36 /* Base */ = {isa = PBXFileReference; lastKnownFileType = file.xib; name = Base; path = Base.lproj/LaunchScreen.xib; sourceTree = "<group>"; };
		9A914E1C1AE0B2D200131F36 /* HomepwnerTests.xctest */ = {isa = PBXFileReference; explicitFileType = wrapper.cfbundle; includeInIndex = 0; path = HomepwnerTests.xctest; sourceTree = BUILT_PRODUCTS_DIR; };
		9A914E211AE0B2D200131F36 /* Info.plist */ = {isa = PBXFileReference; lastKnownFileType = text.plist.xml; path = Info.plist; sourceTree = "<group>"; };
		9A914E221AE0B2D200131F36 /* HomepwnerTests.m */ = {isa = PBXFileReference; lastKnownFileType = sourcecode.c.objc; path = HomepwnerTests.m; sourceTree = "<group>"; };
		9A914E2C1AE0B4CB00131F36 /* BNRItemsViewController.h */ = {isa = PBXFileReference; fileEncoding = 4; lastKnownFileType = sourcecode.c.h; path = BNRItemsViewController.h; sourceTree = "<group>"; };
		9A914E2D1AE0B4CB00131F36 /* BNRItemsViewController.m */ = {isa = PBXFileReference; fileEncoding = 4; lastKnownFileType = sourcecode.c.objc; path = BNRItemsViewController.m; sourceTree = "<group>"; };
		9A914E2F1AE0B69300131F36 /* BNRItem.h */ = {isa = PBXFileReference; fileEncoding = 4; lastKnownFileType = sourcecode.c.h; path = BNRItem.h; sourceTree = "<group>"; };
		9A914E301AE0B69300131F36 /* BNRItem.m */ = {isa = PBXFileReference; fileEncoding = 4; lastKnownFileType = sourcecode.c.objc; path = BNRItem.m; sourceTree = "<group>"; };
		9A914E321AE0D80B00131F36 /* BNRItemStore.h */ = {isa = PBXFileReference; fileEncoding = 4; lastKnownFileType = sourcecode.c.h; path = BNRItemStore.h; sourceTree = "<group>"; };
		9A914E331AE0D80B00131F36 /* BNRItemStore.m */ = {isa = PBXFileReference; fileEncoding = 4; lastKnownFileType = sourcecode.c.objc; path = BNRItemStore.m; sourceTree = "<group>"; };
		9A914E351AE8923C00131F36 /* HeaderView.xib */ = {isa = PBXFileReference; fileEncoding = 4; lastKnownFileType = file.xib; path = HeaderView.xib; sourceTree = "<group>"; };
/* End PBXFileReference section */

/* Begin PBXFrameworksBuildPhase section */
		9A914E001AE0B2D200131F36 /* Frameworks */ = {
			isa = PBXFrameworksBuildPhase;
			buildActionMask = 2147483647;
			files = (
			);
			runOnlyForDeploymentPostprocessing = 0;
		};
		9A914E191AE0B2D200131F36 /* Frameworks */ = {
			isa = PBXFrameworksBuildPhase;
			buildActionMask = 2147483647;
			files = (
			);
			runOnlyForDeploymentPostprocessing = 0;
		};
/* End PBXFrameworksBuildPhase section */

/* Begin PBXGroup section */
		9A914DFA1AE0B2D200131F36 = {
			isa = PBXGroup;
			children = (
				9A914E051AE0B2D200131F36 /* Homepwner */,
				9A914E1F1AE0B2D200131F36 /* HomepwnerTests */,
				9A914E041AE0B2D200131F36 /* Products */,
			);
			sourceTree = "<group>";
		};
		9A914E041AE0B2D200131F36 /* Products */ = {
			isa = PBXGroup;
			children = (
				9A914E031AE0B2D200131F36 /* Homepwner.app */,
				9A914E1C1AE0B2D200131F36 /* HomepwnerTests.xctest */,
			);
			name = Products;
			sourceTree = "<group>";
		};
		9A914E051AE0B2D200131F36 /* Homepwner */ = {
			isa = PBXGroup;
			children = (
				9A914E2F1AE0B69300131F36 /* BNRItem.h */,
				9A914E301AE0B69300131F36 /* BNRItem.m */,
				9A914E0A1AE0B2D200131F36 /* AppDelegate.h */,
				9A914E0B1AE0B2D200131F36 /* AppDelegate.m */,
				9A914E2C1AE0B4CB00131F36 /* BNRItemsViewController.h */,
				9A914E2D1AE0B4CB00131F36 /* BNRItemsViewController.m */,
				9A914E321AE0D80B00131F36 /* BNRItemStore.h */,
				9A914E331AE0D80B00131F36 /* BNRItemStore.m */,
				9A914E351AE8923C00131F36 /* HeaderView.xib */,
				9A914E131AE0B2D200131F36 /* Images.xcassets */,
				9A914E101AE0B2D200131F36 /* Main.storyboard */,
				9A914E151AE0B2D200131F36 /* LaunchScreen.xib */,
				9A914E061AE0B2D200131F36 /* Supporting Files */,
			);
			path = Homepwner;
			sourceTree = "<group>";
		};
		9A914E061AE0B2D200131F36 /* Supporting Files */ = {
			isa = PBXGroup;
			children = (
				9A914E071AE0B2D200131F36 /* Info.plist */,
				9A914E081AE0B2D200131F36 /* main.m */,
			);
			name = "Supporting Files";
			sourceTree = "<group>";
		};
		9A914E1F1AE0B2D200131F36 /* HomepwnerTests */ = {
			isa = PBXGroup;
			children = (
				9A914E221AE0B2D200131F36 /* HomepwnerTests.m */,
				9A914E201AE0B2D200131F36 /* Supporting Files */,
			);
			path = HomepwnerTests;
			sourceTree = "<group>";
		};
		9A914E201AE0B2D200131F36 /* Supporting Files */ = {
			isa = PBXGroup;
			children = (
				9A914E211AE0B2D200131F36 /* Info.plist */,
			);
			name = "Supporting Files";
			sourceTree = "<group>";
		};
/* End PBXGroup section */

/* Begin PBXNativeTarget section */
		9A914E021AE0B2D200131F36 /* Homepwner */ = {
			isa = PBXNativeTarget;
			buildConfigurationList = 9A914E261AE0B2D200131F36 /* Build configuration list for PBXNativeTarget "Homepwner" */;
			buildPhases = (
				9A914DFF1AE0B2D200131F36 /* Sources */,
				9A914E001AE0B2D200131F36 /* Frameworks */,
				9A914E011AE0B2D200131F36 /* Resources */,
			);
			buildRules = (
			);
			dependencies = (
			);
			name = Homepwner;
			productName = Homepwner;
			productReference = 9A914E031AE0B2D200131F36 /* Homepwner.app */;
			productType = "com.apple.product-type.application";
		};
		9A914E1B1AE0B2D200131F36 /* HomepwnerTests */ = {
			isa = PBXNativeTarget;
			buildConfigurationList = 9A914E291AE0B2D200131F36 /* Build configuration list for PBXNativeTarget "HomepwnerTests" */;
			buildPhases = (
				9A914E181AE0B2D200131F36 /* Sources */,
				9A914E191AE0B2D200131F36 /* Frameworks */,
				9A914E1A1AE0B2D200131F36 /* Resources */,
			);
			buildRules = (
			);
			dependencies = (
				9A914E1E1AE0B2D200131F36 /* PBXTargetDependency */,
			);
			name = HomepwnerTests;
			productName = HomepwnerTests;
			productReference = 9A914E1C1AE0B2D200131F36 /* HomepwnerTests.xctest */;
			productType = "com.apple.product-type.bundle.unit-test";
		};
/* End PBXNativeTarget section */

/* Begin PBXProject section */
		9A914DFB1AE0B2D200131F36 /* Project object */ = {
			isa = PBXProject;
			attributes = {
				LastUpgradeCheck = 0610;
				ORGANIZATIONNAME = BigNerdRanch;
				TargetAttributes = {
					9A914E021AE0B2D200131F36 = {
						CreatedOnToolsVersion = 6.1.1;
					};
					9A914E1B1AE0B2D200131F36 = {
						CreatedOnToolsVersion = 6.1.1;
						TestTargetID = 9A914E021AE0B2D200131F36;
					};
				};
			};
			buildConfigurationList = 9A914DFE1AE0B2D200131F36 /* Build configuration list for PBXProject "Homepwner" */;
			compatibilityVersion = "Xcode 3.2";
			developmentRegion = English;
			hasScannedForEncodings = 0;
			knownRegions = (
				en,
				Base,
			);
			mainGroup = 9A914DFA1AE0B2D200131F36;
			productRefGroup = 9A914E041AE0B2D200131F36 /* Products */;
			projectDirPath = "";
			projectRoot = "";
			targets = (
				9A914E021AE0B2D200131F36 /* Homepwner */,
				9A914E1B1AE0B2D200131F36 /* HomepwnerTests */,
			);
		};
/* End PBXProject section */

/* Begin PBXResourcesBuildPhase section */
		9A914E011AE0B2D200131F36 /* Resources */ = {
			isa = PBXResourcesBuildPhase;
			buildActionMask = 2147483647;
			files = (
				9A914E121AE0B2D200131F36 /* Main.storyboard in Resources */,
				9A914E171AE0B2D200131F36 /* LaunchScreen.xib in Resources */,
				9A914E141AE0B2D200131F36 /* Images.xcassets in Resources */,
				9A914E361AE8923C00131F36 /* HeaderView.xib in Resources */,
			);
			runOnlyForDeploymentPostprocessing = 0;
		};
		9A914E1A1AE0B2D200131F36 /* Resources */ = {
			isa = PBXResourcesBuildPhase;
			buildActionMask = 2147483647;
			files = (
			);
			runOnlyForDeploymentPostprocessing = 0;
		};
/* End PBXResourcesBuildPhase section */

/* Begin PBXSourcesBuildPhase section */
		9A914DFF1AE0B2D200131F36 /* Sources */ = {
			isa = PBXSourcesBuildPhase;
			buildActionMask = 2147483647;
			files = (
				9A914E341AE0D80B00131F36 /* BNRItemStore.m in Sources */,
				9A914E0C1AE0B2D200131F36 /* AppDelegate.m in Sources */,
				9A914E311AE0B69300131F36 /* BNRItem.m in Sources */,
				9A914E2E1AE0B4CB00131F36 /* BNRItemsViewController.m in Sources */,
				9A914E091AE0B2D200131F36 /* main.m in Sources */,
			);
			runOnlyForDeploymentPostprocessing = 0;
		};
		9A914E181AE0B2D200131F36 /* Sources */ = {
			isa = PBXSourcesBuildPhase;
			buildActionMask = 2147483647;
			files = (
				9A914E231AE0B2D200131F36 /* HomepwnerTests.m in Sources */,
			);
			runOnlyForDeploymentPostprocessing = 0;
		};
/* End PBXSourcesBuildPhase section */

/* Begin PBXTargetDependency section */
		9A914E1E1AE0B2D200131F36 /* PBXTargetDependency */ = {
			isa = PBXTargetDependency;
			target = 9A914E021AE0B2D200131F36 /* Homepwner */;
			targetProxy = 9A914E1D1AE0B2D200131F36 /* PBXContainerItemProxy */;
		};
/* End PBXTargetDependency section */

/* Begin PBXVariantGroup section */
		9A914E101AE0B2D200131F36 /* Main.storyboard */ = {
			isa = PBXVariantGroup;
			children = (
				9A914E111AE0B2D200131F36 /* Base */,
			);
			name = Main.storyboard;
			sourceTree = "<group>";
		};
		9A914E151AE0B2D200131F36 /* LaunchScreen.xib */ = {
			isa = PBXVariantGroup;
			children = (
				9A914E161AE0B2D200131F36 /* Base */,
			);
			name = LaunchScreen.xib;
			sourceTree = "<group>";
		};
/* End PBXVariantGroup section */

/* Begin XCBuildConfiguration section */
		9A914E241AE0B2D200131F36 /* Debug */ = {
			isa = XCBuildConfiguration;
			buildSettings = {
				ALWAYS_SEARCH_USER_PATHS = NO;
				CLANG_CXX_LANGUAGE_STANDARD = "gnu++0x";
				CLANG_CXX_LIBRARY = "libc++";
				CLANG_ENABLE_MODULES = YES;
				CLANG_ENABLE_OBJC_ARC = YES;
				CLANG_WARN_BOOL_CONVERSION = YES;
				CLANG_WARN_CONSTANT_CONVERSION = YES;
				CLANG_WARN_DIRECT_OBJC_ISA_USAGE = YES_ERROR;
				CLANG_WARN_EMPTY_BODY = YES;
				CLANG_WARN_ENUM_CONVERSION = YES;
				CLANG_WARN_INT_CONVERSION = YES;
				CLANG_WARN_OBJC_ROOT_CLASS = YES_ERROR;
				CLANG_WARN_UNREACHABLE_CODE = YES;
				CLANG_WARN__DUPLICATE_METHOD_MATCH = YES;
				"CODE_SIGN_IDENTITY[sdk=iphoneos*]" = "iPhone Developer";
				COPY_PHASE_STRIP = NO;
				ENABLE_STRICT_OBJC_MSGSEND = YES;
				GCC_C_LANGUAGE_STANDARD = gnu99;
				GCC_DYNAMIC_NO_PIC = NO;
				GCC_OPTIMIZATION_LEVEL = 0;
				GCC_PREPROCESSOR_DEFINITIONS = (
					"DEBUG=1",
					"$(inherited)",
				);
				GCC_SYMBOLS_PRIVATE_EXTERN = NO;
				GCC_WARN_64_TO_32_BIT_CONVERSION = YES;
				GCC_WARN_ABOUT_RETURN_TYPE = YES_ERROR;
				GCC_WARN_UNDECLARED_SELECTOR = YES;
				GCC_WARN_UNINITIALIZED_AUTOS = YES_AGGRESSIVE;
				GCC_WARN_UNUSED_FUNCTION = YES;
				GCC_WARN_UNUSED_VARIABLE = YES;
				IPHONEOS_DEPLOYMENT_TARGET = 8.1;
				MTL_ENABLE_DEBUG_INFO = YES;
				ONLY_ACTIVE_ARCH = YES;
				SDKROOT = iphoneos;
			};
			name = Debug;
		};
		9A914E251AE0B2D200131F36 /* Release */ = {
			isa = XCBuildConfiguration;
			buildSettings = {
				ALWAYS_SEARCH_USER_PATHS = NO;
				CLANG_CXX_LANGUAGE_STANDARD = "gnu++0x";
				CLANG_CXX_LIBRARY = "libc++";
				CLANG_ENABLE_MODULES = YES;
				CLANG_ENABLE_OBJC_ARC = YES;
				CLANG_WARN_BOOL_CONVERSION = YES;
				CLANG_WARN_CONSTANT_CONVERSION = YES;
				CLANG_WARN_DIRECT_OBJC_ISA_USAGE = YES_ERROR;
				CLANG_WARN_EMPTY_BODY = YES;
				CLANG_WARN_ENUM_CONVERSION = YES;
				CLANG_WARN_INT_CONVERSION = YES;
				CLANG_WARN_OBJC_ROOT_CLASS = YES_ERROR;
				CLANG_WARN_UNREACHABLE_CODE = YES;
				CLANG_WARN__DUPLICATE_METHOD_MATCH = YES;
				"CODE_SIGN_IDENTITY[sdk=iphoneos*]" = "iPhone Developer";
				COPY_PHASE_STRIP = YES;
				ENABLE_NS_ASSERTIONS = NO;
				ENABLE_STRICT_OBJC_MSGSEND = YES;
				GCC_C_LANGUAGE_STANDARD = gnu99;
				GCC_WARN_64_TO_32_BIT_CONVERSION = YES;
				GCC_WARN_ABOUT_RETURN_TYPE = YES_ERROR;
				GCC_WARN_UNDECLARED_SELECTOR = YES;
				GCC_WARN_UNINITIALIZED_AUTOS = YES_AGGRESSIVE;
				GCC_WARN_UNUSED_FUNCTION = YES;
				GCC_WARN_UNUSED_VARIABLE = YES;
				IPHONEOS_DEPLOYMENT_TARGET = 8.1;
				MTL_ENABLE_DEBUG_INFO = NO;
				SDKROOT = iphoneos;
				VALIDATE_PRODUCT = YES;
			};
			name = Release;
		};
		9A914E271AE0B2D200131F36 /* Debug */ = {
			isa = XCBuildConfiguration;
			buildSettings = {
				ASSETCATALOG_COMPILER_APPICON_NAME = AppIcon;
				INFOPLIST_FILE = Homepwner/Info.plist;
				LD_RUNPATH_SEARCH_PATHS = "$(inherited) @executable_path/Frameworks";
				PRODUCT_NAME = "$(TARGET_NAME)";
			};
			name = Debug;
		};
		9A914E281AE0B2D200131F36 /* Release */ = {
			isa = XCBuildConfiguration;
			buildSettings = {
				ASSETCATALOG_COMPILER_APPICON_NAME = AppIcon;
				INFOPLIST_FILE = Homepwner/Info.plist;
				LD_RUNPATH_SEARCH_PATHS = "$(inherited) @executable_path/Frameworks";
				PRODUCT_NAME = "$(TARGET_NAME)";
			};
			name = Release;
		};
		9A914E2A1AE0B2D200131F36 /* Debug */ = {
			isa = XCBuildConfiguration;
			buildSettings = {
				BUNDLE_LOADER = "$(TEST_HOST)";
				FRAMEWORK_SEARCH_PATHS = (
					"$(SDKROOT)/Developer/Library/Frameworks",
					"$(inherited)",
				);
				GCC_PREPROCESSOR_DEFINITIONS = (
					"DEBUG=1",
					"$(inherited)",
				);
				INFOPLIST_FILE = HomepwnerTests/Info.plist;
				LD_RUNPATH_SEARCH_PATHS = "$(inherited) @executable_path/Frameworks @loader_path/Frameworks";
				PRODUCT_NAME = "$(TARGET_NAME)";
				TEST_HOST = "$(BUILT_PRODUCTS_DIR)/Homepwner.app/Homepwner";
			};
			name = Debug;
		};
		9A914E2B1AE0B2D200131F36 /* Release */ = {
			isa = XCBuildConfiguration;
			buildSettings = {
				BUNDLE_LOADER = "$(TEST_HOST)";
				FRAMEWORK_SEARCH_PATHS = (
					"$(SDKROOT)/Developer/Library/Frameworks",
					"$(inherited)",
				);
				INFOPLIST_FILE = HomepwnerTests/Info.plist;
				LD_RUNPATH_SEARCH_PATHS = "$(inherited) @executable_path/Frameworks @loader_path/Frameworks";
				PRODUCT_NAME = "$(TARGET_NAME)";
				TEST_HOST = "$(BUILT_PRODUCTS_DIR)/Homepwner.app/Homepwner";
			};
			name = Release;
		};
/* End XCBuildConfiguration section */

/* Begin XCConfigurationList section */
		9A914DFE1AE0B2D200131F36 /* Build configuration list for PBXProject "Homepwner" */ = {
			isa = XCConfigurationList;
			buildConfigurations = (
				9A914E241AE0B2D200131F36 /* Debug */,
				9A914E251AE0B2D200131F36 /* Release */,
			);
			defaultConfigurationIsVisible = 0;
			defaultConfigurationName = Release;
		};
		9A914E261AE0B2D200131F36 /* Build configuration list for PBXNativeTarget "Homepwner" */ = {
			isa = XCConfigurationList;
			buildConfigurations = (
				9A914E271AE0B2D200131F36 /* Debug */,
				9A914E281AE0B2D200131F36 /* Release */,
			);
			defaultConfigurationIsVisible = 0;
		};
		9A914E291AE0B2D200131F36 /* Build configuration list for PBXNativeTarget "HomepwnerTests" */ = {
			isa = XCConfigurationList;
			buildConfigurations = (
				9A914E2A1AE0B2D200131F36 /* Debug */,
				9A914E2B1AE0B2D200131F36 /* Release */,
			);
			defaultConfigurationIsVisible = 0;
		};
/* End XCConfigurationList section */
	};
	rootObject = 9A914DFB1AE0B2D200131F36 /* Project object */;
}
